// !$*UTF8*$!
{
	archiveVersion = 1;
	classes = {
	};
	objectVersion = 50;
	objects = {

/* Begin PBXBuildFile section */
		1016584423377B7A003A3184 /* LaunchScreen.storyboard in Resources */ = {isa = PBXBuildFile; fileRef = 1016583823377B7A003A3184 /* LaunchScreen.storyboard */; };
		1016584523377B7A003A3184 /* AppDelegate.swift in Sources */ = {isa = PBXBuildFile; fileRef = 1016583A23377B7A003A3184 /* AppDelegate.swift */; };
		1016584623377B7A003A3184 /* SceneDelegate.swift in Sources */ = {isa = PBXBuildFile; fileRef = 1016583B23377B7A003A3184 /* SceneDelegate.swift */; };
		1016584723377B7A003A3184 /* Assets.xcassets in Resources */ = {isa = PBXBuildFile; fileRef = 1016583D23377B7A003A3184 /* Assets.xcassets */; };
		1016584823377B7A003A3184 /* Preview Assets.xcassets in Resources */ = {isa = PBXBuildFile; fileRef = 1016583F23377B7A003A3184 /* Preview Assets.xcassets */; };
		1016584A23377B7A003A3184 /* ContentView.swift in Sources */ = {isa = PBXBuildFile; fileRef = 1016584323377B7A003A3184 /* ContentView.swift */; };
/* End PBXBuildFile section */

/* Begin PBXFileReference section */
		10165820233774EA003A3184 /* LiveSurface.app */ = {isa = PBXFileReference; explicitFileType = wrapper.application; includeInIndex = 0; path = LiveSurface.app; sourceTree = BUILT_PRODUCTS_DIR; };
		1016583923377B7A003A3184 /* Base */ = {isa = PBXFileReference; lastKnownFileType = file.storyboard; name = Base; path = Base.lproj/LaunchScreen.storyboard; sourceTree = "<group>"; };
		1016583A23377B7A003A3184 /* AppDelegate.swift */ = {isa = PBXFileReference; fileEncoding = 4; lastKnownFileType = sourcecode.swift; path = AppDelegate.swift; sourceTree = "<group>"; };
		1016583B23377B7A003A3184 /* SceneDelegate.swift */ = {isa = PBXFileReference; fileEncoding = 4; lastKnownFileType = sourcecode.swift; path = SceneDelegate.swift; sourceTree = "<group>"; };
		1016583D23377B7A003A3184 /* Assets.xcassets */ = {isa = PBXFileReference; lastKnownFileType = folder.assetcatalog; path = Assets.xcassets; sourceTree = "<group>"; };
		1016583F23377B7A003A3184 /* Preview Assets.xcassets */ = {isa = PBXFileReference; lastKnownFileType = folder.assetcatalog; path = "Preview Assets.xcassets"; sourceTree = "<group>"; };
		1016584123377B7A003A3184 /* Info.plist */ = {isa = PBXFileReference; fileEncoding = 4; lastKnownFileType = text.plist.xml; path = Info.plist; sourceTree = "<group>"; };
		1016584323377B7A003A3184 /* ContentView.swift */ = {isa = PBXFileReference; fileEncoding = 4; lastKnownFileType = sourcecode.swift; path = ContentView.swift; sourceTree = "<group>"; };
/* End PBXFileReference section */

/* Begin PBXFrameworksBuildPhase section */
		1016581D233774EA003A3184 /* Frameworks */ = {
			isa = PBXFrameworksBuildPhase;
			buildActionMask = 2147483647;
			files = (
			);
			runOnlyForDeploymentPostprocessing = 0;
		};
/* End PBXFrameworksBuildPhase section */

/* Begin PBXGroup section */
		10165817233774EA003A3184 = {
			isa = PBXGroup;
			children = (
				10165822233774EA003A3184 /* LiveSurface */,
				10165821233774EA003A3184 /* Products */,
			);
			sourceTree = "<group>";
		};
		10165821233774EA003A3184 /* Products */ = {
			isa = PBXGroup;
			children = (
				10165820233774EA003A3184 /* LiveSurface.app */,
			);
			name = Products;
			sourceTree = "<group>";
		};
		10165822233774EA003A3184 /* LiveSurface */ = {
			isa = PBXGroup;
			children = (
				1016583723377B7A003A3184 /* Main */,
				1016584223377B7A003A3184 /* User Interface */,
				1016583C23377B7A003A3184 /* Resources */,
				1016584023377B7A003A3184 /* Supporting Files */,
			);
			path = LiveSurface;
			sourceTree = "<group>";
		};
		1016583723377B7A003A3184 /* Main */ = {
			isa = PBXGroup;
			children = (
				1016583A23377B7A003A3184 /* AppDelegate.swift */,
				1016583B23377B7A003A3184 /* SceneDelegate.swift */,
				1016583823377B7A003A3184 /* LaunchScreen.storyboard */,
			);
			path = Main;
			sourceTree = "<group>";
		};
		1016583C23377B7A003A3184 /* Resources */ = {
			isa = PBXGroup;
			children = (
				1016583D23377B7A003A3184 /* Assets.xcassets */,
				1016583E23377B7A003A3184 /* Preview Content */,
			);
			path = Resources;
			sourceTree = "<group>";
		};
		1016583E23377B7A003A3184 /* Preview Content */ = {
			isa = PBXGroup;
			children = (
				1016583F23377B7A003A3184 /* Preview Assets.xcassets */,
			);
			path = "Preview Content";
			sourceTree = "<group>";
		};
		1016584023377B7A003A3184 /* Supporting Files */ = {
			isa = PBXGroup;
			children = (
				1016584123377B7A003A3184 /* Info.plist */,
			);
			path = "Supporting Files";
			sourceTree = "<group>";
		};
		1016584223377B7A003A3184 /* User Interface */ = {
			isa = PBXGroup;
			children = (
				1016584323377B7A003A3184 /* ContentView.swift */,
			);
			path = "User Interface";
			sourceTree = "<group>";
		};
/* End PBXGroup section */

/* Begin PBXNativeTarget section */
		1016581F233774EA003A3184 /* LiveSurface */ = {
			isa = PBXNativeTarget;
			buildConfigurationList = 10165834233774ED003A3184 /* Build configuration list for PBXNativeTarget "LiveSurface" */;
			buildPhases = (
				1016581C233774EA003A3184 /* Sources */,
				1016581D233774EA003A3184 /* Frameworks */,
				1016581E233774EA003A3184 /* Resources */,
			);
			buildRules = (
			);
			dependencies = (
			);
			name = LiveSurface;
			productName = LiveSurface;
			productReference = 10165820233774EA003A3184 /* LiveSurface.app */;
			productType = "com.apple.product-type.application";
		};
/* End PBXNativeTarget section */

/* Begin PBXProject section */
		10165818233774EA003A3184 /* Project object */ = {
			isa = PBXProject;
			attributes = {
				LastSwiftUpdateCheck = 1100;
				LastUpgradeCheck = 1100;
				ORGANIZATIONNAME = "Ani Eduard";
				TargetAttributes = {
					1016581F233774EA003A3184 = {
						CreatedOnToolsVersion = 11.0;
					};
				};
			};
			buildConfigurationList = 1016581B233774EA003A3184 /* Build configuration list for PBXProject "LiveSurface" */;
			compatibilityVersion = "Xcode 9.3";
			developmentRegion = en;
			hasScannedForEncodings = 0;
			knownRegions = (
				en,
				Base,
			);
			mainGroup = 10165817233774EA003A3184;
			productRefGroup = 10165821233774EA003A3184 /* Products */;
			projectDirPath = "";
			projectRoot = "";
			targets = (
				1016581F233774EA003A3184 /* LiveSurface */,
			);
		};
/* End PBXProject section */

/* Begin PBXResourcesBuildPhase section */
		1016581E233774EA003A3184 /* Resources */ = {
			isa = PBXResourcesBuildPhase;
			buildActionMask = 2147483647;
			files = (
				1016584723377B7A003A3184 /* Assets.xcassets in Resources */,
				1016584823377B7A003A3184 /* Preview Assets.xcassets in Resources */,
				1016584423377B7A003A3184 /* LaunchScreen.storyboard in Resources */,
			);
			runOnlyForDeploymentPostprocessing = 0;
		};
/* End PBXResourcesBuildPhase section */

/* Begin PBXSourcesBuildPhase section */
		1016581C233774EA003A3184 /* Sources */ = {
			isa = PBXSourcesBuildPhase;
			buildActionMask = 2147483647;
			files = (
				1016584523377B7A003A3184 /* AppDelegate.swift in Sources */,
				1016584623377B7A003A3184 /* SceneDelegate.swift in Sources */,
				1016584A23377B7A003A3184 /* ContentView.swift in Sources */,
			);
			runOnlyForDeploymentPostprocessing = 0;
		};
/* End PBXSourcesBuildPhase section */

/* Begin PBXVariantGroup section */
		1016583823377B7A003A3184 /* LaunchScreen.storyboard */ = {
			isa = PBXVariantGroup;
			children = (
				1016583923377B7A003A3184 /* Base */,
			);
			name = LaunchScreen.storyboard;
			sourceTree = "<group>";
		};
/* End PBXVariantGroup section */

/* Begin XCBuildConfiguration section */
		10165832233774ED003A3184 /* Debug */ = {
			isa = XCBuildConfiguration;
			buildSettings = {
				ALWAYS_SEARCH_USER_PATHS = NO;
				CLANG_ANALYZER_NONNULL = YES;
				CLANG_ANALYZER_NUMBER_OBJECT_CONVERSION = YES_AGGRESSIVE;
				CLANG_CXX_LANGUAGE_STANDARD = "gnu++14";
				CLANG_CXX_LIBRARY = "libc++";
				CLANG_ENABLE_MODULES = YES;
				CLANG_ENABLE_OBJC_ARC = YES;
				CLANG_ENABLE_OBJC_WEAK = YES;
				CLANG_WARN_BLOCK_CAPTURE_AUTORELEASING = YES;
				CLANG_WARN_BOOL_CONVERSION = YES;
				CLANG_WARN_COMMA = YES;
				CLANG_WARN_CONSTANT_CONVERSION = YES;
				CLANG_WARN_DEPRECATED_OBJC_IMPLEMENTATIONS = YES;
				CLANG_WARN_DIRECT_OBJC_ISA_USAGE = YES_ERROR;
				CLANG_WARN_DOCUMENTATION_COMMENTS = YES;
				CLANG_WARN_EMPTY_BODY = YES;
				CLANG_WARN_ENUM_CONVERSION = YES;
				CLANG_WARN_INFINITE_RECURSION = YES;
				CLANG_WARN_INT_CONVERSION = YES;
				CLANG_WARN_NON_LITERAL_NULL_CONVERSION = YES;
				CLANG_WARN_OBJC_IMPLICIT_RETAIN_SELF = YES;
				CLANG_WARN_OBJC_LITERAL_CONVERSION = YES;
				CLANG_WARN_OBJC_ROOT_CLASS = YES_ERROR;
				CLANG_WARN_RANGE_LOOP_ANALYSIS = YES;
				CLANG_WARN_STRICT_PROTOTYPES = YES;
				CLANG_WARN_SUSPICIOUS_MOVE = YES;
				CLANG_WARN_UNGUARDED_AVAILABILITY = YES_AGGRESSIVE;
				CLANG_WARN_UNREACHABLE_CODE = YES;
				CLANG_WARN__DUPLICATE_METHOD_MATCH = YES;
				COPY_PHASE_STRIP = NO;
				DEBUG_INFORMATION_FORMAT = dwarf;
				ENABLE_STRICT_OBJC_MSGSEND = YES;
				ENABLE_TESTABILITY = YES;
				GCC_C_LANGUAGE_STANDARD = gnu11;
				GCC_DYNAMIC_NO_PIC = NO;
				GCC_NO_COMMON_BLOCKS = YES;
				GCC_OPTIMIZATION_LEVEL = 0;
				GCC_PREPROCESSOR_DEFINITIONS = (
					"DEBUG=1",
					"$(inherited)",
				);
				GCC_WARN_64_TO_32_BIT_CONVERSION = YES;
				GCC_WARN_ABOUT_RETURN_TYPE = YES_ERROR;
				GCC_WARN_UNDECLARED_SELECTOR = YES;
				GCC_WARN_UNINITIALIZED_AUTOS = YES_AGGRESSIVE;
				GCC_WARN_UNUSED_FUNCTION = YES;
				GCC_WARN_UNUSED_VARIABLE = YES;
				IPHONEOS_DEPLOYMENT_TARGET = 13.0;
				MTL_ENABLE_DEBUG_INFO = INCLUDE_SOURCE;
				MTL_FAST_MATH = YES;
				ONLY_ACTIVE_ARCH = YES;
				SDKROOT = iphoneos;
				SWIFT_ACTIVE_COMPILATION_CONDITIONS = DEBUG;
				SWIFT_OPTIMIZATION_LEVEL = "-Onone";
			};
			name = Debug;
		};
		10165833233774ED003A3184 /* Release */ = {
			isa = XCBuildConfiguration;
			buildSettings = {
				ALWAYS_SEARCH_USER_PATHS = NO;
				CLANG_ANALYZER_NONNULL = YES;
				CLANG_ANALYZER_NUMBER_OBJECT_CONVERSION = YES_AGGRESSIVE;
				CLANG_CXX_LANGUAGE_STANDARD = "gnu++14";
				CLANG_CXX_LIBRARY = "libc++";
				CLANG_ENABLE_MODULES = YES;
				CLANG_ENABLE_OBJC_ARC = YES;
				CLANG_ENABLE_OBJC_WEAK = YES;
				CLANG_WARN_BLOCK_CAPTURE_AUTORELEASING = YES;
				CLANG_WARN_BOOL_CONVERSION = YES;
				CLANG_WARN_COMMA = YES;
				CLANG_WARN_CONSTANT_CONVERSION = YES;
				CLANG_WARN_DEPRECATED_OBJC_IMPLEMENTATIONS = YES;
				CLANG_WARN_DIRECT_OBJC_ISA_USAGE = YES_ERROR;
				CLANG_WARN_DOCUMENTATION_COMMENTS = YES;
				CLANG_WARN_EMPTY_BODY = YES;
				CLANG_WARN_ENUM_CONVERSION = YES;
				CLANG_WARN_INFINITE_RECURSION = YES;
				CLANG_WARN_INT_CONVERSION = YES;
				CLANG_WARN_NON_LITERAL_NULL_CONVERSION = YES;
				CLANG_WARN_OBJC_IMPLICIT_RETAIN_SELF = YES;
				CLANG_WARN_OBJC_LITERAL_CONVERSION = YES;
				CLANG_WARN_OBJC_ROOT_CLASS = YES_ERROR;
				CLANG_WARN_RANGE_LOOP_ANALYSIS = YES;
				CLANG_WARN_STRICT_PROTOTYPES = YES;
				CLANG_WARN_SUSPICIOUS_MOVE = YES;
				CLANG_WARN_UNGUARDED_AVAILABILITY = YES_AGGRESSIVE;
				CLANG_WARN_UNREACHABLE_CODE = YES;
				CLANG_WARN__DUPLICATE_METHOD_MATCH = YES;
				COPY_PHASE_STRIP = NO;
				DEBUG_INFORMATION_FORMAT = "dwarf-with-dsym";
				ENABLE_NS_ASSERTIONS = NO;
				ENABLE_STRICT_OBJC_MSGSEND = YES;
				GCC_C_LANGUAGE_STANDARD = gnu11;
				GCC_NO_COMMON_BLOCKS = YES;
				GCC_WARN_64_TO_32_BIT_CONVERSION = YES;
				GCC_WARN_ABOUT_RETURN_TYPE = YES_ERROR;
				GCC_WARN_UNDECLARED_SELECTOR = YES;
				GCC_WARN_UNINITIALIZED_AUTOS = YES_AGGRESSIVE;
				GCC_WARN_UNUSED_FUNCTION = YES;
				GCC_WARN_UNUSED_VARIABLE = YES;
				IPHONEOS_DEPLOYMENT_TARGET = 13.0;
				MTL_ENABLE_DEBUG_INFO = NO;
				MTL_FAST_MATH = YES;
				SDKROOT = iphoneos;
				SWIFT_COMPILATION_MODE = wholemodule;
				SWIFT_OPTIMIZATION_LEVEL = "-O";
				VALIDATE_PRODUCT = YES;
			};
			name = Release;
		};
		10165835233774ED003A3184 /* Debug */ = {
			isa = XCBuildConfiguration;
			buildSettings = {
				ASSETCATALOG_COMPILER_APPICON_NAME = AppIcon;
				CODE_SIGN_STYLE = Automatic;
				DEVELOPMENT_ASSET_PATHS = "LiveSurface/Resources/Preview\\ Content/Preview\\ Assets.xcassets";
				DEVELOPMENT_TEAM = J6ZM4T69MX;
				ENABLE_PREVIEWS = YES;
				INFOPLIST_FILE = "$(SRCROOT)/LiveSurface/Supporting Files/Info.plist";
				LD_RUNPATH_SEARCH_PATHS = (
					"$(inherited)",
					"@executable_path/Frameworks",
				);
				PRODUCT_BUNDLE_IDENTIFIER = "com.anieduard.live-surface";
				PRODUCT_NAME = "$(TARGET_NAME)";
				SWIFT_VERSION = 5.0;
				TARGETED_DEVICE_FAMILY = "1,2";
			};
			name = Debug;
		};
		10165836233774ED003A3184 /* Release */ = {
			isa = XCBuildConfiguration;
			buildSettings = {
				ASSETCATALOG_COMPILER_APPICON_NAME = AppIcon;
				CODE_SIGN_STYLE = Automatic;
				DEVELOPMENT_ASSET_PATHS = "LiveSurface/Resources/Preview\\ Content/Preview\\ Assets.xcassets";
				DEVELOPMENT_TEAM = J6ZM4T69MX;
				ENABLE_PREVIEWS = YES;
				INFOPLIST_FILE = "$(SRCROOT)/LiveSurface/Supporting Files/Info.plist";
				LD_RUNPATH_SEARCH_PATHS = (
					"$(inherited)",
					"@executable_path/Frameworks",
				);
				PRODUCT_BUNDLE_IDENTIFIER = "com.anieduard.live-surface";
				PRODUCT_NAME = "$(TARGET_NAME)";
				SWIFT_VERSION = 5.0;
				TARGETED_DEVICE_FAMILY = "1,2";
			};
			name = Release;
		};
/* End XCBuildConfiguration section */

/* Begin XCConfigurationList section */
		1016581B233774EA003A3184 /* Build configuration list for PBXProject "LiveSurface" */ = {
			isa = XCConfigurationList;
			buildConfigurations = (
				10165832233774ED003A3184 /* Debug */,
				10165833233774ED003A3184 /* Release */,
			);
			defaultConfigurationIsVisible = 0;
			defaultConfigurationName = Release;
		};
		10165834233774ED003A3184 /* Build configuration list for PBXNativeTarget "LiveSurface" */ = {
			isa = XCConfigurationList;
			buildConfigurations = (
				10165835233774ED003A3184 /* Debug */,
				10165836233774ED003A3184 /* Release */,
			);
			defaultConfigurationIsVisible = 0;
			defaultConfigurationName = Release;
		};
/* End XCConfigurationList section */
	};
	rootObject = 10165818233774EA003A3184 /* Project object */;
}
